
Microsoft Visual Studio Solution File, Format Version 12.00
# Visual Studio 15
VisualStudioVersion = 15.0.28307.168
MinimumVisualStudioVersion = 10.0.40219.1
Project("{FAE04EC0-301F-11D3-BF4B-00C04F79EFBC}") = "GerarSenhas", "GerarSenhas\GerarSenhas.csproj", "{224D163D-701D-41AB-9B8E-3ACD5186B3F8}"
EndProject
Global
	GlobalSection(SolutionConfigurationPlatforms) = preSolution
		Debug|Any CPU = Debug|Any CPU
		Release|Any CPU = Release|Any CPU
	EndGlobalSection
	GlobalSection(ProjectConfigurationPlatforms) = postSolution
		{224D163D-701D-41AB-9B8E-3ACD5186B3F8}.Debug|Any CPU.ActiveCfg = Debug|Any CPU
		{224D163D-701D-41AB-9B8E-3ACD5186B3F8}.Debug|Any CPU.Build.0 = Debug|Any CPU
		{224D163D-701D-41AB-9B8E-3ACD5186B3F8}.Release|Any CPU.ActiveCfg = Release|Any CPU
		{224D163D-701D-41AB-9B8E-3ACD5186B3F8}.Release|Any CPU.Build.0 = Release|Any CPU
	EndGlobalSection
	GlobalSection(SolutionProperties) = preSolution
		HideSolutionNode = FALSE
	EndGlobalSection
	GlobalSection(ExtensibilityGlobals) = postSolution
		SolutionGuid = {7D27A5C5-E72C-45DE-9251-035F6838FF22}
	EndGlobalSection
EndGlobal
